
Microsoft Visual Studio Solution File, Format Version 12.00
# Visual Studio Version 17
VisualStudioVersion = 17.2.32519.379
MinimumVisualStudioVersion = 10.0.40219.1
Project("{FAE04EC0-301F-11D3-BF4B-00C04F79EFBC}") = "MvcOnlineTicariOtomasyon", "MvcOnlineTicariOtomasyon\MvcOnlineTicariOtomasyon.csproj", "{7232B23C-BDA8-4042-AD8C-32B77452F584}"
EndProject
Global
	GlobalSection(SolutionConfigurationPlatforms) = preSolution
		Debug|Any CPU = Debug|Any CPU
		Release|Any CPU = Release|Any CPU
	EndGlobalSection
	GlobalSection(ProjectConfigurationPlatforms) = postSolution
		{7232B23C-BDA8-4042-AD8C-32B77452F584}.Debug|Any CPU.ActiveCfg = Debug|Any CPU
		{7232B23C-BDA8-4042-AD8C-32B77452F584}.Debug|Any CPU.Build.0 = Debug|Any CPU
		{7232B23C-BDA8-4042-AD8C-32B77452F584}.Release|Any CPU.ActiveCfg = Release|Any CPU
		{7232B23C-BDA8-4042-AD8C-32B77452F584}.Release|Any CPU.Build.0 = Release|Any CPU
	EndGlobalSection
	GlobalSection(SolutionProperties) = preSolution
		HideSolutionNode = FALSE
	EndGlobalSection
	GlobalSection(ExtensibilityGlobals) = postSolution
		SolutionGuid = {467B6380-F5E2-4284-A769-FBD20F556EBD}
	EndGlobalSection
EndGlobal
